
Microsoft Visual Studio Solution File, Format Version 12.00
# Visual Studio Version 16
VisualStudioVersion = 16.0.32428.217
MinimumVisualStudioVersion = 10.0.40219.1
Project("{FAE04EC0-301F-11D3-BF4B-00C04F79EFBC}") = "Trabalho.Final.Visual.Api", "Trabalho.Final.Visual.Api\Trabalho.Final.Visual.Api.csproj", "{2168CB30-A256-49ED-9FB4-4BE6CF012F97}"
EndProject
Project("{FAE04EC0-301F-11D3-BF4B-00C04F79EFBC}") = "Trabalho.Final.Visual.Infra", "Trabalho.Final.Visual.Infra\Trabalho.Final.Visual.Infra.csproj", "{4D3BA464-827A-47CC-84F5-FCEB15FC6421}"
EndProject
Project("{FAE04EC0-301F-11D3-BF4B-00C04F79EFBC}") = "Trabalho.Final.Visual.Dominio", "Trabalho.Final.Visual.Dominio\Trabalho.Final.Visual.Dominio.csproj", "{684B2F18-AB8E-4E85-AEB7-6BAE6AD11426}"
EndProject
Project("{2150E333-8FDC-42A3-9474-1A3956D46DE8}") = "Solution Items", "Solution Items", "{21BB7EC6-E51C-444B-ACB7-C3639279461A}"
	ProjectSection(SolutionItems) = preProject
		.editorconfig = .editorconfig
	EndProjectSection
EndProject
Global
	GlobalSection(SolutionConfigurationPlatforms) = preSolution
		Debug|Any CPU = Debug|Any CPU
		Release|Any CPU = Release|Any CPU
	EndGlobalSection
	GlobalSection(ProjectConfigurationPlatforms) = postSolution
		{2168CB30-A256-49ED-9FB4-4BE6CF012F97}.Debug|Any CPU.ActiveCfg = Debug|Any CPU
		{2168CB30-A256-49ED-9FB4-4BE6CF012F97}.Debug|Any CPU.Build.0 = Debug|Any CPU
		{2168CB30-A256-49ED-9FB4-4BE6CF012F97}.Release|Any CPU.ActiveCfg = Release|Any CPU
		{2168CB30-A256-49ED-9FB4-4BE6CF012F97}.Release|Any CPU.Build.0 = Release|Any CPU
		{4D3BA464-827A-47CC-84F5-FCEB15FC6421}.Debug|Any CPU.ActiveCfg = Debug|Any CPU
		{4D3BA464-827A-47CC-84F5-FCEB15FC6421}.Debug|Any CPU.Build.0 = Debug|Any CPU
		{4D3BA464-827A-47CC-84F5-FCEB15FC6421}.Release|Any CPU.ActiveCfg = Release|Any CPU
		{4D3BA464-827A-47CC-84F5-FCEB15FC6421}.Release|Any CPU.Build.0 = Release|Any CPU
		{684B2F18-AB8E-4E85-AEB7-6BAE6AD11426}.Debug|Any CPU.ActiveCfg = Debug|Any CPU
		{684B2F18-AB8E-4E85-AEB7-6BAE6AD11426}.Debug|Any CPU.Build.0 = Debug|Any CPU
		{684B2F18-AB8E-4E85-AEB7-6BAE6AD11426}.Release|Any CPU.ActiveCfg = Release|Any CPU
		{684B2F18-AB8E-4E85-AEB7-6BAE6AD11426}.Release|Any CPU.Build.0 = Release|Any CPU
	EndGlobalSection
	GlobalSection(SolutionProperties) = preSolution
		HideSolutionNode = FALSE
	EndGlobalSection
	GlobalSection(ExtensibilityGlobals) = postSolution
		SolutionGuid = {21C6459C-E0C8-4579-B5F2-C6C9D89FC581}
	EndGlobalSection
EndGlobal
